
Microsoft Visual Studio Solution File, Format Version 12.00
# Visual Studio Version 17
VisualStudioVersion = 17.7.34009.444
MinimumVisualStudioVersion = 10.0.40219.1
Project("{FAE04EC0-301F-11D3-BF4B-00C04F79EFBC}") = "OliverosITELEC1C", "OliverosITELEC1C\OliverosITELEC1C.csproj", "{9F429780-B844-418D-9041-019A1DD0D262}"
EndProject
Global
	GlobalSection(SolutionConfigurationPlatforms) = preSolution
		Debug|Any CPU = Debug|Any CPU
		Release|Any CPU = Release|Any CPU
	EndGlobalSection
	GlobalSection(ProjectConfigurationPlatforms) = postSolution
		{9F429780-B844-418D-9041-019A1DD0D262}.Debug|Any CPU.ActiveCfg = Debug|Any CPU
		{9F429780-B844-418D-9041-019A1DD0D262}.Debug|Any CPU.Build.0 = Debug|Any CPU
		{9F429780-B844-418D-9041-019A1DD0D262}.Release|Any CPU.ActiveCfg = Release|Any CPU
		{9F429780-B844-418D-9041-019A1DD0D262}.Release|Any CPU.Build.0 = Release|Any CPU
	EndGlobalSection
	GlobalSection(SolutionProperties) = preSolution
		HideSolutionNode = FALSE
	EndGlobalSection
	GlobalSection(ExtensibilityGlobals) = postSolution
		SolutionGuid = {0C062E7A-654B-4E79-B490-D2CDE2BBBCCB}
	EndGlobalSection
EndGlobal
